
Microsoft Visual Studio Solution File, Format Version 12.00
# Visual Studio Version 17
VisualStudioVersion = 17.7.34202.233
MinimumVisualStudioVersion = 10.0.40219.1
Project("{9A19103F-16F7-4668-BE54-9A1E7A4F7556}") = "ProjetNET", "ProjetNET.csproj", "{B52BAFB5-452C-4574-867E-5C2921703034}"
EndProject
Global
	GlobalSection(SolutionConfigurationPlatforms) = preSolution
		Debug|Any CPU = Debug|Any CPU
		Release|Any CPU = Release|Any CPU
	EndGlobalSection
	GlobalSection(ProjectConfigurationPlatforms) = postSolution
		{B52BAFB5-452C-4574-867E-5C2921703034}.Debug|Any CPU.ActiveCfg = Debug|Any CPU
		{B52BAFB5-452C-4574-867E-5C2921703034}.Debug|Any CPU.Build.0 = Debug|Any CPU
		{B52BAFB5-452C-4574-867E-5C2921703034}.Release|Any CPU.ActiveCfg = Release|Any CPU
		{B52BAFB5-452C-4574-867E-5C2921703034}.Release|Any CPU.Build.0 = Release|Any CPU
	EndGlobalSection
	GlobalSection(SolutionProperties) = preSolution
		HideSolutionNode = FALSE
	EndGlobalSection
	GlobalSection(ExtensibilityGlobals) = postSolution
		SolutionGuid = {8ACA3D83-C06B-4DA5-99A7-16BE2EB2C9E0}
	EndGlobalSection
EndGlobal
